// !$*UTF8*$!
{
	archiveVersion = 1;
	classes = {
	};
	objectVersion = 55;
	objects = {

/* Begin PBXBuildFile section */
		F176399B286EAED900C7B0D9 /* Tests_iOS.swift in Sources */ = {isa = PBXBuildFile; fileRef = F176399A286EAED900C7B0D9 /* Tests_iOS.swift */; };
		F176399D286EAED900C7B0D9 /* Tests_iOSLaunchTests.swift in Sources */ = {isa = PBXBuildFile; fileRef = F176399C286EAED900C7B0D9 /* Tests_iOSLaunchTests.swift */; };
		F17639A7286EAED900C7B0D9 /* Tests_macOS.swift in Sources */ = {isa = PBXBuildFile; fileRef = F17639A6286EAED900C7B0D9 /* Tests_macOS.swift */; };
		F17639A9286EAED900C7B0D9 /* Tests_macOSLaunchTests.swift in Sources */ = {isa = PBXBuildFile; fileRef = F17639A8286EAED900C7B0D9 /* Tests_macOSLaunchTests.swift */; };
		F17639AA286EAED900C7B0D9 /* ItineraryApp.swift in Sources */ = {isa = PBXBuildFile; fileRef = F1763982286EAED700C7B0D9 /* ItineraryApp.swift */; };
		F17639AB286EAED900C7B0D9 /* ItineraryApp.swift in Sources */ = {isa = PBXBuildFile; fileRef = F1763982286EAED700C7B0D9 /* ItineraryApp.swift */; };
		F17639AC286EAED900C7B0D9 /* ContentView.swift in Sources */ = {isa = PBXBuildFile; fileRef = F1763983286EAED700C7B0D9 /* ContentView.swift */; };
		F17639AD286EAED900C7B0D9 /* ContentView.swift in Sources */ = {isa = PBXBuildFile; fileRef = F1763983286EAED700C7B0D9 /* ContentView.swift */; };
		F17639AE286EAED900C7B0D9 /* Assets.xcassets in Resources */ = {isa = PBXBuildFile; fileRef = F1763984286EAED900C7B0D9 /* Assets.xcassets */; };
		F17639AF286EAED900C7B0D9 /* Assets.xcassets in Resources */ = {isa = PBXBuildFile; fileRef = F1763984286EAED900C7B0D9 /* Assets.xcassets */; };
/* End PBXBuildFile section */

/* Begin PBXContainerItemProxy section */
		F1763997286EAED900C7B0D9 /* PBXContainerItemProxy */ = {
			isa = PBXContainerItemProxy;
			containerPortal = F176397D286EAED700C7B0D9 /* Project object */;
			proxyType = 1;
			remoteGlobalIDString = F1763988286EAED900C7B0D9;
			remoteInfo = "Itinerary (iOS)";
		};
		F17639A3286EAED900C7B0D9 /* PBXContainerItemProxy */ = {
			isa = PBXContainerItemProxy;
			containerPortal = F176397D286EAED700C7B0D9 /* Project object */;
			proxyType = 1;
			remoteGlobalIDString = F176398E286EAED900C7B0D9;
			remoteInfo = "Itinerary (macOS)";
		};
/* End PBXContainerItemProxy section */

/* Begin PBXFileReference section */
		F1763982286EAED700C7B0D9 /* ItineraryApp.swift */ = {isa = PBXFileReference; lastKnownFileType = sourcecode.swift; path = ItineraryApp.swift; sourceTree = "<group>"; };
		F1763983286EAED700C7B0D9 /* ContentView.swift */ = {isa = PBXFileReference; lastKnownFileType = sourcecode.swift; path = ContentView.swift; sourceTree = "<group>"; };
		F1763984286EAED900C7B0D9 /* Assets.xcassets */ = {isa = PBXFileReference; lastKnownFileType = folder.assetcatalog; path = Assets.xcassets; sourceTree = "<group>"; };
		F1763989286EAED900C7B0D9 /* Itinerary.app */ = {isa = PBXFileReference; explicitFileType = wrapper.application; includeInIndex = 0; path = Itinerary.app; sourceTree = BUILT_PRODUCTS_DIR; };
		F176398F286EAED900C7B0D9 /* Itinerary.app */ = {isa = PBXFileReference; explicitFileType = wrapper.application; includeInIndex = 0; path = Itinerary.app; sourceTree = BUILT_PRODUCTS_DIR; };
		F1763991286EAED900C7B0D9 /* macOS.entitlements */ = {isa = PBXFileReference; lastKnownFileType = text.plist.entitlements; path = macOS.entitlements; sourceTree = "<group>"; };
		F1763996286EAED900C7B0D9 /* Tests iOS.xctest */ = {isa = PBXFileReference; explicitFileType = wrapper.cfbundle; includeInIndex = 0; path = "Tests iOS.xctest"; sourceTree = BUILT_PRODUCTS_DIR; };
		F176399A286EAED900C7B0D9 /* Tests_iOS.swift */ = {isa = PBXFileReference; lastKnownFileType = sourcecode.swift; path = Tests_iOS.swift; sourceTree = "<group>"; };
		F176399C286EAED900C7B0D9 /* Tests_iOSLaunchTests.swift */ = {isa = PBXFileReference; lastKnownFileType = sourcecode.swift; path = Tests_iOSLaunchTests.swift; sourceTree = "<group>"; };
		F17639A2286EAED900C7B0D9 /* Tests macOS.xctest */ = {isa = PBXFileReference; explicitFileType = wrapper.cfbundle; includeInIndex = 0; path = "Tests macOS.xctest"; sourceTree = BUILT_PRODUCTS_DIR; };
		F17639A6286EAED900C7B0D9 /* Tests_macOS.swift */ = {isa = PBXFileReference; lastKnownFileType = sourcecode.swift; path = Tests_macOS.swift; sourceTree = "<group>"; };
		F17639A8286EAED900C7B0D9 /* Tests_macOSLaunchTests.swift */ = {isa = PBXFileReference; lastKnownFileType = sourcecode.swift; path = Tests_macOSLaunchTests.swift; sourceTree = "<group>"; };
/* End PBXFileReference section */

/* Begin PBXFrameworksBuildPhase section */
		F1763986286EAED900C7B0D9 /* Frameworks */ = {
			isa = PBXFrameworksBuildPhase;
			buildActionMask = 2147483647;
			files = (
			);
			runOnlyForDeploymentPostprocessing = 0;
		};
		F176398C286EAED900C7B0D9 /* Frameworks */ = {
			isa = PBXFrameworksBuildPhase;
			buildActionMask = 2147483647;
			files = (
			);
			runOnlyForDeploymentPostprocessing = 0;
		};
		F1763993286EAED900C7B0D9 /* Frameworks */ = {
			isa = PBXFrameworksBuildPhase;
			buildActionMask = 2147483647;
			files = (
			);
			runOnlyForDeploymentPostprocessing = 0;
		};
		F176399F286EAED900C7B0D9 /* Frameworks */ = {
			isa = PBXFrameworksBuildPhase;
			buildActionMask = 2147483647;
			files = (
			);
			runOnlyForDeploymentPostprocessing = 0;
		};
/* End PBXFrameworksBuildPhase section */

/* Begin PBXGroup section */
		F176397C286EAED700C7B0D9 = {
			isa = PBXGroup;
			children = (
				F1763981286EAED700C7B0D9 /* Shared */,
				F1763990286EAED900C7B0D9 /* macOS */,
				F1763999286EAED900C7B0D9 /* Tests iOS */,
				F17639A5286EAED900C7B0D9 /* Tests macOS */,
				F176398A286EAED900C7B0D9 /* Products */,
			);
			sourceTree = "<group>";
		};
		F1763981286EAED700C7B0D9 /* Shared */ = {
			isa = PBXGroup;
			children = (
				F1763982286EAED700C7B0D9 /* ItineraryApp.swift */,
				F1763983286EAED700C7B0D9 /* ContentView.swift */,
				F1763984286EAED900C7B0D9 /* Assets.xcassets */,
			);
			path = Shared;
			sourceTree = "<group>";
		};
		F176398A286EAED900C7B0D9 /* Products */ = {
			isa = PBXGroup;
			children = (
				F1763989286EAED900C7B0D9 /* Itinerary.app */,
				F176398F286EAED900C7B0D9 /* Itinerary.app */,
				F1763996286EAED900C7B0D9 /* Tests iOS.xctest */,
				F17639A2286EAED900C7B0D9 /* Tests macOS.xctest */,
			);
			name = Products;
			sourceTree = "<group>";
		};
		F1763990286EAED900C7B0D9 /* macOS */ = {
			isa = PBXGroup;
			children = (
				F1763991286EAED900C7B0D9 /* macOS.entitlements */,
			);
			path = macOS;
			sourceTree = "<group>";
		};
		F1763999286EAED900C7B0D9 /* Tests iOS */ = {
			isa = PBXGroup;
			children = (
				F176399A286EAED900C7B0D9 /* Tests_iOS.swift */,
				F176399C286EAED900C7B0D9 /* Tests_iOSLaunchTests.swift */,
			);
			path = "Tests iOS";
			sourceTree = "<group>";
		};
		F17639A5286EAED900C7B0D9 /* Tests macOS */ = {
			isa = PBXGroup;
			children = (
				F17639A6286EAED900C7B0D9 /* Tests_macOS.swift */,
				F17639A8286EAED900C7B0D9 /* Tests_macOSLaunchTests.swift */,
			);
			path = "Tests macOS";
			sourceTree = "<group>";
		};
/* End PBXGroup section */

/* Begin PBXNativeTarget section */
		F1763988286EAED900C7B0D9 /* Itinerary (iOS) */ = {
			isa = PBXNativeTarget;
			buildConfigurationList = F17639B2286EAED900C7B0D9 /* Build configuration list for PBXNativeTarget "Itinerary (iOS)" */;
			buildPhases = (
				F1763985286EAED900C7B0D9 /* Sources */,
				F1763986286EAED900C7B0D9 /* Frameworks */,
				F1763987286EAED900C7B0D9 /* Resources */,
			);
			buildRules = (
			);
			dependencies = (
			);
			name = "Itinerary (iOS)";
			productName = "Itinerary (iOS)";
			productReference = F1763989286EAED900C7B0D9 /* Itinerary.app */;
			productType = "com.apple.product-type.application";
		};
		F176398E286EAED900C7B0D9 /* Itinerary (macOS) */ = {
			isa = PBXNativeTarget;
			buildConfigurationList = F17639B5286EAED900C7B0D9 /* Build configuration list for PBXNativeTarget "Itinerary (macOS)" */;
			buildPhases = (
				F176398B286EAED900C7B0D9 /* Sources */,
				F176398C286EAED900C7B0D9 /* Frameworks */,
				F176398D286EAED900C7B0D9 /* Resources */,
			);
			buildRules = (
			);
			dependencies = (
			);
			name = "Itinerary (macOS)";
			productName = "Itinerary (macOS)";
			productReference = F176398F286EAED900C7B0D9 /* Itinerary.app */;
			productType = "com.apple.product-type.application";
		};
		F1763995286EAED900C7B0D9 /* Tests iOS */ = {
			isa = PBXNativeTarget;
			buildConfigurationList = F17639B8286EAED900C7B0D9 /* Build configuration list for PBXNativeTarget "Tests iOS" */;
			buildPhases = (
				F1763992286EAED900C7B0D9 /* Sources */,
				F1763993286EAED900C7B0D9 /* Frameworks */,
				F1763994286EAED900C7B0D9 /* Resources */,
			);
			buildRules = (
			);
			dependencies = (
				F1763998286EAED900C7B0D9 /* PBXTargetDependency */,
			);
			name = "Tests iOS";
			productName = "Tests iOS";
			productReference = F1763996286EAED900C7B0D9 /* Tests iOS.xctest */;
			productType = "com.apple.product-type.bundle.ui-testing";
		};
		F17639A1286EAED900C7B0D9 /* Tests macOS */ = {
			isa = PBXNativeTarget;
			buildConfigurationList = F17639BB286EAED900C7B0D9 /* Build configuration list for PBXNativeTarget "Tests macOS" */;
			buildPhases = (
				F176399E286EAED900C7B0D9 /* Sources */,
				F176399F286EAED900C7B0D9 /* Frameworks */,
				F17639A0286EAED900C7B0D9 /* Resources */,
			);
			buildRules = (
			);
			dependencies = (
				F17639A4286EAED900C7B0D9 /* PBXTargetDependency */,
			);
			name = "Tests macOS";
			productName = "Tests macOS";
			productReference = F17639A2286EAED900C7B0D9 /* Tests macOS.xctest */;
			productType = "com.apple.product-type.bundle.ui-testing";
		};
/* End PBXNativeTarget section */

/* Begin PBXProject section */
		F176397D286EAED700C7B0D9 /* Project object */ = {
			isa = PBXProject;
			attributes = {
				BuildIndependentTargetsInParallel = 1;
				LastSwiftUpdateCheck = 1340;
				LastUpgradeCheck = 1340;
				TargetAttributes = {
					F1763988286EAED900C7B0D9 = {
						CreatedOnToolsVersion = 13.4.1;
					};
					F176398E286EAED900C7B0D9 = {
						CreatedOnToolsVersion = 13.4.1;
					};
					F1763995286EAED900C7B0D9 = {
						CreatedOnToolsVersion = 13.4.1;
						TestTargetID = F1763988286EAED900C7B0D9;
					};
					F17639A1286EAED900C7B0D9 = {
						CreatedOnToolsVersion = 13.4.1;
						TestTargetID = F176398E286EAED900C7B0D9;
					};
				};
			};
			buildConfigurationList = F1763980286EAED700C7B0D9 /* Build configuration list for PBXProject "Itinerary" */;
			compatibilityVersion = "Xcode 13.0";
			developmentRegion = en;
			hasScannedForEncodings = 0;
			knownRegions = (
				en,
				Base,
			);
			mainGroup = F176397C286EAED700C7B0D9;
			productRefGroup = F176398A286EAED900C7B0D9 /* Products */;
			projectDirPath = "";
			projectRoot = "";
			targets = (
				F1763988286EAED900C7B0D9 /* Itinerary (iOS) */,
				F176398E286EAED900C7B0D9 /* Itinerary (macOS) */,
				F1763995286EAED900C7B0D9 /* Tests iOS */,
				F17639A1286EAED900C7B0D9 /* Tests macOS */,
			);
		};
/* End PBXProject section */

/* Begin PBXResourcesBuildPhase section */
		F1763987286EAED900C7B0D9 /* Resources */ = {
			isa = PBXResourcesBuildPhase;
			buildActionMask = 2147483647;
			files = (
				F17639AE286EAED900C7B0D9 /* Assets.xcassets in Resources */,
			);
			runOnlyForDeploymentPostprocessing = 0;
		};
		F176398D286EAED900C7B0D9 /* Resources */ = {
			isa = PBXResourcesBuildPhase;
			buildActionMask = 2147483647;
			files = (
				F17639AF286EAED900C7B0D9 /* Assets.xcassets in Resources */,
			);
			runOnlyForDeploymentPostprocessing = 0;
		};
		F1763994286EAED900C7B0D9 /* Resources */ = {
			isa = PBXResourcesBuildPhase;
			buildActionMask = 2147483647;
			files = (
			);
			runOnlyForDeploymentPostprocessing = 0;
		};
		F17639A0286EAED900C7B0D9 /* Resources */ = {
			isa = PBXResourcesBuildPhase;
			buildActionMask = 2147483647;
			files = (
			);
			runOnlyForDeploymentPostprocessing = 0;
		};
/* End PBXResourcesBuildPhase section */

/* Begin PBXSourcesBuildPhase section */
		F1763985286EAED900C7B0D9 /* Sources */ = {
			isa = PBXSourcesBuildPhase;
			buildActionMask = 2147483647;
			files = (
				F17639AC286EAED900C7B0D9 /* ContentView.swift in Sources */,
				F17639AA286EAED900C7B0D9 /* ItineraryApp.swift in Sources */,
			);
			runOnlyForDeploymentPostprocessing = 0;
		};
		F176398B286EAED900C7B0D9 /* Sources */ = {
			isa = PBXSourcesBuildPhase;
			buildActionMask = 2147483647;
			files = (
				F17639AD286EAED900C7B0D9 /* ContentView.swift in Sources */,
				F17639AB286EAED900C7B0D9 /* ItineraryApp.swift in Sources */,
			);
			runOnlyForDeploymentPostprocessing = 0;
		};
		F1763992286EAED900C7B0D9 /* Sources */ = {
			isa = PBXSourcesBuildPhase;
			buildActionMask = 2147483647;
			files = (
				F176399D286EAED900C7B0D9 /* Tests_iOSLaunchTests.swift in Sources */,
				F176399B286EAED900C7B0D9 /* Tests_iOS.swift in Sources */,
			);
			runOnlyForDeploymentPostprocessing = 0;
		};
		F176399E286EAED900C7B0D9 /* Sources */ = {
			isa = PBXSourcesBuildPhase;
			buildActionMask = 2147483647;
			files = (
				F17639A9286EAED900C7B0D9 /* Tests_macOSLaunchTests.swift in Sources */,
				F17639A7286EAED900C7B0D9 /* Tests_macOS.swift in Sources */,
			);
			runOnlyForDeploymentPostprocessing = 0;
		};
/* End PBXSourcesBuildPhase section */

/* Begin PBXTargetDependency section */
		F1763998286EAED900C7B0D9 /* PBXTargetDependency */ = {
			isa = PBXTargetDependency;
			target = F1763988286EAED900C7B0D9 /* Itinerary (iOS) */;
			targetProxy = F1763997286EAED900C7B0D9 /* PBXContainerItemProxy */;
		};
		F17639A4286EAED900C7B0D9 /* PBXTargetDependency */ = {
			isa = PBXTargetDependency;
			target = F176398E286EAED900C7B0D9 /* Itinerary (macOS) */;
			targetProxy = F17639A3286EAED900C7B0D9 /* PBXContainerItemProxy */;
		};
/* End PBXTargetDependency section */

/* Begin XCBuildConfiguration section */
		F17639B0286EAED900C7B0D9 /* Debug */ = {
			isa = XCBuildConfiguration;
			buildSettings = {
				ALWAYS_SEARCH_USER_PATHS = NO;
				CLANG_ANALYZER_NONNULL = YES;
				CLANG_ANALYZER_NUMBER_OBJECT_CONVERSION = YES_AGGRESSIVE;
				CLANG_CXX_LANGUAGE_STANDARD = "gnu++17";
				CLANG_ENABLE_MODULES = YES;
				CLANG_ENABLE_OBJC_ARC = YES;
				CLANG_ENABLE_OBJC_WEAK = YES;
				CLANG_WARN_BLOCK_CAPTURE_AUTORELEASING = YES;
				CLANG_WARN_BOOL_CONVERSION = YES;
				CLANG_WARN_COMMA = YES;
				CLANG_WARN_CONSTANT_CONVERSION = YES;
				CLANG_WARN_DEPRECATED_OBJC_IMPLEMENTATIONS = YES;
				CLANG_WARN_DIRECT_OBJC_ISA_USAGE = YES_ERROR;
				CLANG_WARN_DOCUMENTATION_COMMENTS = YES;
				CLANG_WARN_EMPTY_BODY = YES;
				CLANG_WARN_ENUM_CONVERSION = YES;
				CLANG_WARN_INFINITE_RECURSION = YES;
				CLANG_WARN_INT_CONVERSION = YES;
				CLANG_WARN_NON_LITERAL_NULL_CONVERSION = YES;
				CLANG_WARN_OBJC_IMPLICIT_RETAIN_SELF = YES;
				CLANG_WARN_OBJC_LITERAL_CONVERSION = YES;
				CLANG_WARN_OBJC_ROOT_CLASS = YES_ERROR;
				CLANG_WARN_QUOTED_INCLUDE_IN_FRAMEWORK_HEADER = YES;
				CLANG_WARN_RANGE_LOOP_ANALYSIS = YES;
				CLANG_WARN_STRICT_PROTOTYPES = YES;
				CLANG_WARN_SUSPICIOUS_MOVE = YES;
				CLANG_WARN_UNGUARDED_AVAILABILITY = YES_AGGRESSIVE;
				CLANG_WARN_UNREACHABLE_CODE = YES;
				CLANG_WARN__DUPLICATE_METHOD_MATCH = YES;
				COPY_PHASE_STRIP = NO;
				DEBUG_INFORMATION_FORMAT = dwarf;
				ENABLE_STRICT_OBJC_MSGSEND = YES;
				ENABLE_TESTABILITY = YES;
				GCC_C_LANGUAGE_STANDARD = gnu11;
				GCC_DYNAMIC_NO_PIC = NO;
				GCC_NO_COMMON_BLOCKS = YES;
				GCC_OPTIMIZATION_LEVEL = 0;
				GCC_PREPROCESSOR_DEFINITIONS = (
					"DEBUG=1",
					"$(inherited)",
				);
				GCC_WARN_64_TO_32_BIT_CONVERSION = YES;
				GCC_WARN_ABOUT_RETURN_TYPE = YES_ERROR;
				GCC_WARN_UNDECLARED_SELECTOR = YES;
				GCC_WARN_UNINITIALIZED_AUTOS = YES_AGGRESSIVE;
				GCC_WARN_UNUSED_FUNCTION = YES;
				GCC_WARN_UNUSED_VARIABLE = YES;
				MTL_ENABLE_DEBUG_INFO = INCLUDE_SOURCE;
				MTL_FAST_MATH = YES;
				ONLY_ACTIVE_ARCH = YES;
				SWIFT_ACTIVE_COMPILATION_CONDITIONS = DEBUG;
				SWIFT_OPTIMIZATION_LEVEL = "-Onone";
			};
			name = Debug;
		};
		F17639B1286EAED900C7B0D9 /* Release */ = {
			isa = XCBuildConfiguration;
			buildSettings = {
				ALWAYS_SEARCH_USER_PATHS = NO;
				CLANG_ANALYZER_NONNULL = YES;
				CLANG_ANALYZER_NUMBER_OBJECT_CONVERSION = YES_AGGRESSIVE;
				CLANG_CXX_LANGUAGE_STANDARD = "gnu++17";
				CLANG_ENABLE_MODULES = YES;
				CLANG_ENABLE_OBJC_ARC = YES;
				CLANG_ENABLE_OBJC_WEAK = YES;
				CLANG_WARN_BLOCK_CAPTURE_AUTORELEASING = YES;
				CLANG_WARN_BOOL_CONVERSION = YES;
				CLANG_WARN_COMMA = YES;
				CLANG_WARN_CONSTANT_CONVERSION = YES;
				CLANG_WARN_DEPRECATED_OBJC_IMPLEMENTATIONS = YES;
				CLANG_WARN_DIRECT_OBJC_ISA_USAGE = YES_ERROR;
				CLANG_WARN_DOCUMENTATION_COMMENTS = YES;
				CLANG_WARN_EMPTY_BODY = YES;
				CLANG_WARN_ENUM_CONVERSION = YES;
				CLANG_WARN_INFINITE_RECURSION = YES;
				CLANG_WARN_INT_CONVERSION = YES;
				CLANG_WARN_NON_LITERAL_NULL_CONVERSION = YES;
				CLANG_WARN_OBJC_IMPLICIT_RETAIN_SELF = YES;
				CLANG_WARN_OBJC_LITERAL_CONVERSION = YES;
				CLANG_WARN_OBJC_ROOT_CLASS = YES_ERROR;
				CLANG_WARN_QUOTED_INCLUDE_IN_FRAMEWORK_HEADER = YES;
				CLANG_WARN_RANGE_LOOP_ANALYSIS = YES;
				CLANG_WARN_STRICT_PROTOTYPES = YES;
				CLANG_WARN_SUSPICIOUS_MOVE = YES;
				CLANG_WARN_UNGUARDED_AVAILABILITY = YES_AGGRESSIVE;
				CLANG_WARN_UNREACHABLE_CODE = YES;
				CLANG_WARN__DUPLICATE_METHOD_MATCH = YES;
				COPY_PHASE_STRIP = NO;
				DEBUG_INFORMATION_FORMAT = "dwarf-with-dsym";
				ENABLE_NS_ASSERTIONS = NO;
				ENABLE_STRICT_OBJC_MSGSEND = YES;
				GCC_C_LANGUAGE_STANDARD = gnu11;
				GCC_NO_COMMON_BLOCKS = YES;
				GCC_WARN_64_TO_32_BIT_CONVERSION = YES;
				GCC_WARN_ABOUT_RETURN_TYPE = YES_ERROR;
				GCC_WARN_UNDECLARED_SELECTOR = YES;
				GCC_WARN_UNINITIALIZED_AUTOS = YES_AGGRESSIVE;
				GCC_WARN_UNUSED_FUNCTION = YES;
				GCC_WARN_UNUSED_VARIABLE = YES;
				MTL_ENABLE_DEBUG_INFO = NO;
				MTL_FAST_MATH = YES;
				SWIFT_COMPILATION_MODE = wholemodule;
				SWIFT_OPTIMIZATION_LEVEL = "-O";
			};
			name = Release;
		};
		F17639B3286EAED900C7B0D9 /* Debug */ = {
			isa = XCBuildConfiguration;
			buildSettings = {
				ASSETCATALOG_COMPILER_APPICON_NAME = AppIcon;
				ASSETCATALOG_COMPILER_GLOBAL_ACCENT_COLOR_NAME = AccentColor;
				CODE_SIGN_STYLE = Automatic;
				CURRENT_PROJECT_VERSION = 1;
				DEVELOPMENT_TEAM = DXF972H7WL;
				ENABLE_PREVIEWS = YES;
				GENERATE_INFOPLIST_FILE = YES;
				INFOPLIST_KEY_UIApplicationSceneManifest_Generation = YES;
				INFOPLIST_KEY_UIApplicationSupportsIndirectInputEvents = YES;
				INFOPLIST_KEY_UILaunchScreen_Generation = YES;
				INFOPLIST_KEY_UISupportedInterfaceOrientations_iPad = "UIInterfaceOrientationPortrait UIInterfaceOrientationPortraitUpsideDown UIInterfaceOrientationLandscapeLeft UIInterfaceOrientationLandscapeRight";
				INFOPLIST_KEY_UISupportedInterfaceOrientations_iPhone = "UIInterfaceOrientationPortrait UIInterfaceOrientationLandscapeLeft UIInterfaceOrientationLandscapeRight";
				IPHONEOS_DEPLOYMENT_TARGET = 15.5;
				LD_RUNPATH_SEARCH_PATHS = (
					"$(inherited)",
					"@executable_path/Frameworks",
				);
				MARKETING_VERSION = 1.0;
				PRODUCT_BUNDLE_IDENTIFIER = verygood.Itinerary;
				PRODUCT_NAME = Itinerary;
				SDKROOT = iphoneos;
				SWIFT_EMIT_LOC_STRINGS = YES;
				SWIFT_VERSION = 5.0;
				TARGETED_DEVICE_FAMILY = "1,2";
			};
			name = Debug;
		};
		F17639B4286EAED900C7B0D9 /* Release */ = {
			isa = XCBuildConfiguration;
			buildSettings = {
				ASSETCATALOG_COMPILER_APPICON_NAME = AppIcon;
				ASSETCATALOG_COMPILER_GLOBAL_ACCENT_COLOR_NAME = AccentColor;
				CODE_SIGN_STYLE = Automatic;
				CURRENT_PROJECT_VERSION = 1;
				DEVELOPMENT_TEAM = DXF972H7WL;
				ENABLE_PREVIEWS = YES;
				GENERATE_INFOPLIST_FILE = YES;
				INFOPLIST_KEY_UIApplicationSceneManifest_Generation = YES;
				INFOPLIST_KEY_UIApplicationSupportsIndirectInputEvents = YES;
				INFOPLIST_KEY_UILaunchScreen_Generation = YES;
				INFOPLIST_KEY_UISupportedInterfaceOrientations_iPad = "UIInterfaceOrientationPortrait UIInterfaceOrientationPortraitUpsideDown UIInterfaceOrientationLandscapeLeft UIInterfaceOrientationLandscapeRight";
				INFOPLIST_KEY_UISupportedInterfaceOrientations_iPhone = "UIInterfaceOrientationPortrait UIInterfaceOrientationLandscapeLeft UIInterfaceOrientationLandscapeRight";
				IPHONEOS_DEPLOYMENT_TARGET = 15.5;
				LD_RUNPATH_SEARCH_PATHS = (
					"$(inherited)",
					"@executable_path/Frameworks",
				);
				MARKETING_VERSION = 1.0;
				PRODUCT_BUNDLE_IDENTIFIER = verygood.Itinerary;
				PRODUCT_NAME = Itinerary;
				SDKROOT = iphoneos;
				SWIFT_EMIT_LOC_STRINGS = YES;
				SWIFT_VERSION = 5.0;
				TARGETED_DEVICE_FAMILY = "1,2";
				VALIDATE_PRODUCT = YES;
			};
			name = Release;
		};
		F17639B6286EAED900C7B0D9 /* Debug */ = {
			isa = XCBuildConfiguration;
			buildSettings = {
				ASSETCATALOG_COMPILER_APPICON_NAME = AppIcon;
				ASSETCATALOG_COMPILER_GLOBAL_ACCENT_COLOR_NAME = AccentColor;
				CODE_SIGN_ENTITLEMENTS = macOS/macOS.entitlements;
				CODE_SIGN_STYLE = Automatic;
				COMBINE_HIDPI_IMAGES = YES;
				CURRENT_PROJECT_VERSION = 1;
				DEVELOPMENT_TEAM = DXF972H7WL;
				ENABLE_HARDENED_RUNTIME = YES;
				ENABLE_PREVIEWS = YES;
				GENERATE_INFOPLIST_FILE = YES;
				INFOPLIST_KEY_NSHumanReadableCopyright = "";
				LD_RUNPATH_SEARCH_PATHS = (
					"$(inherited)",
					"@executable_path/../Frameworks",
				);
				MACOSX_DEPLOYMENT_TARGET = 12.3;
				MARKETING_VERSION = 1.0;
				PRODUCT_BUNDLE_IDENTIFIER = verygood.Itinerary;
				PRODUCT_NAME = Itinerary;
				SDKROOT = macosx;
				SWIFT_EMIT_LOC_STRINGS = YES;
				SWIFT_VERSION = 5.0;
			};
			name = Debug;
		};
		F17639B7286EAED900C7B0D9 /* Release */ = {
			isa = XCBuildConfiguration;
			buildSettings = {
				ASSETCATALOG_COMPILER_APPICON_NAME = AppIcon;
				ASSETCATALOG_COMPILER_GLOBAL_ACCENT_COLOR_NAME = AccentColor;
				CODE_SIGN_ENTITLEMENTS = macOS/macOS.entitlements;
				CODE_SIGN_STYLE = Automatic;
				COMBINE_HIDPI_IMAGES = YES;
				CURRENT_PROJECT_VERSION = 1;
				DEVELOPMENT_TEAM = DXF972H7WL;
				ENABLE_HARDENED_RUNTIME = YES;
				ENABLE_PREVIEWS = YES;
				GENERATE_INFOPLIST_FILE = YES;
				INFOPLIST_KEY_NSHumanReadableCopyright = "";
				LD_RUNPATH_SEARCH_PATHS = (
					"$(inherited)",
					"@executable_path/../Frameworks",
				);
				MACOSX_DEPLOYMENT_TARGET = 12.3;
				MARKETING_VERSION = 1.0;
				PRODUCT_BUNDLE_IDENTIFIER = verygood.Itinerary;
				PRODUCT_NAME = Itinerary;
				SDKROOT = macosx;
				SWIFT_EMIT_LOC_STRINGS = YES;
				SWIFT_VERSION = 5.0;
			};
			name = Release;
		};
		F17639B9286EAED900C7B0D9 /* Debug */ = {
			isa = XCBuildConfiguration;
			buildSettings = {
				ALWAYS_EMBED_SWIFT_STANDARD_LIBRARIES = YES;
				CODE_SIGN_STYLE = Automatic;
				CURRENT_PROJECT_VERSION = 1;
				DEVELOPMENT_TEAM = DXF972H7WL;
				GENERATE_INFOPLIST_FILE = YES;
				IPHONEOS_DEPLOYMENT_TARGET = 15.5;
				MARKETING_VERSION = 1.0;
				PRODUCT_BUNDLE_IDENTIFIER = "verygood.Tests-iOS";
				PRODUCT_NAME = "$(TARGET_NAME)";
				SDKROOT = iphoneos;
				SWIFT_EMIT_LOC_STRINGS = NO;
				SWIFT_VERSION = 5.0;
				TARGETED_DEVICE_FAMILY = "1,2";
				TEST_TARGET_NAME = "Itinerary (iOS)";
			};
			name = Debug;
		};
		F17639BA286EAED900C7B0D9 /* Release */ = {
			isa = XCBuildConfiguration;
			buildSettings = {
				ALWAYS_EMBED_SWIFT_STANDARD_LIBRARIES = YES;
				CODE_SIGN_STYLE = Automatic;
				CURRENT_PROJECT_VERSION = 1;
				DEVELOPMENT_TEAM = DXF972H7WL;
				GENERATE_INFOPLIST_FILE = YES;
				IPHONEOS_DEPLOYMENT_TARGET = 15.5;
				MARKETING_VERSION = 1.0;
				PRODUCT_BUNDLE_IDENTIFIER = "verygood.Tests-iOS";
				PRODUCT_NAME = "$(TARGET_NAME)";
				SDKROOT = iphoneos;
				SWIFT_EMIT_LOC_STRINGS = NO;
				SWIFT_VERSION = 5.0;
				TARGETED_DEVICE_FAMILY = "1,2";
				TEST_TARGET_NAME = "Itinerary (iOS)";
				VALIDATE_PRODUCT = YES;
			};
			name = Release;
		};
		F17639BC286EAED900C7B0D9 /* Debug */ = {
			isa = XCBuildConfiguration;
			buildSettings = {
				ALWAYS_EMBED_SWIFT_STANDARD_LIBRARIES = YES;
				CODE_SIGN_STYLE = Automatic;
				CURRENT_PROJECT_VERSION = 1;
				DEVELOPMENT_TEAM = DXF972H7WL;
				GENERATE_INFOPLIST_FILE = YES;
				MACOSX_DEPLOYMENT_TARGET = 12.3;
				MARKETING_VERSION = 1.0;
				PRODUCT_BUNDLE_IDENTIFIER = "verygood.Tests-macOS";
				PRODUCT_NAME = "$(TARGET_NAME)";
				SDKROOT = macosx;
				SWIFT_EMIT_LOC_STRINGS = NO;
				SWIFT_VERSION = 5.0;
				TEST_TARGET_NAME = "Itinerary (macOS)";
			};
			name = Debug;
		};
		F17639BD286EAED900C7B0D9 /* Release */ = {
			isa = XCBuildConfiguration;
			buildSettings = {
				ALWAYS_EMBED_SWIFT_STANDARD_LIBRARIES = YES;
				CODE_SIGN_STYLE = Automatic;
				CURRENT_PROJECT_VERSION = 1;
				DEVELOPMENT_TEAM = DXF972H7WL;
				GENERATE_INFOPLIST_FILE = YES;
				MACOSX_DEPLOYMENT_TARGET = 12.3;
				MARKETING_VERSION = 1.0;
				PRODUCT_BUNDLE_IDENTIFIER = "verygood.Tests-macOS";
				PRODUCT_NAME = "$(TARGET_NAME)";
				SDKROOT = macosx;
				SWIFT_EMIT_LOC_STRINGS = NO;
				SWIFT_VERSION = 5.0;
				TEST_TARGET_NAME = "Itinerary (macOS)";
			};
			name = Release;
		};
/* End XCBuildConfiguration section */

/* Begin XCConfigurationList section */
		F1763980286EAED700C7B0D9 /* Build configuration list for PBXProject "Itinerary" */ = {
			isa = XCConfigurationList;
			buildConfigurations = (
				F17639B0286EAED900C7B0D9 /* Debug */,
				F17639B1286EAED900C7B0D9 /* Release */,
			);
			defaultConfigurationIsVisible = 0;
			defaultConfigurationName = Release;
		};
		F17639B2286EAED900C7B0D9 /* Build configuration list for PBXNativeTarget "Itinerary (iOS)" */ = {
			isa = XCConfigurationList;
			buildConfigurations = (
				F17639B3286EAED900C7B0D9 /* Debug */,
				F17639B4286EAED900C7B0D9 /* Release */,
			);
			defaultConfigurationIsVisible = 0;
			defaultConfigurationName = Release;
		};
		F17639B5286EAED900C7B0D9 /* Build configuration list for PBXNativeTarget "Itinerary (macOS)" */ = {
			isa = XCConfigurationList;
			buildConfigurations = (
				F17639B6286EAED900C7B0D9 /* Debug */,
				F17639B7286EAED900C7B0D9 /* Release */,
			);
			defaultConfigurationIsVisible = 0;
			defaultConfigurationName = Release;
		};
		F17639B8286EAED900C7B0D9 /* Build configuration list for PBXNativeTarget "Tests iOS" */ = {
			isa = XCConfigurationList;
			buildConfigurations = (
				F17639B9286EAED900C7B0D9 /* Debug */,
				F17639BA286EAED900C7B0D9 /* Release */,
			);
			defaultConfigurationIsVisible = 0;
			defaultConfigurationName = Release;
		};
		F17639BB286EAED900C7B0D9 /* Build configuration list for PBXNativeTarget "Tests macOS" */ = {
			isa = XCConfigurationList;
			buildConfigurations = (
				F17639BC286EAED900C7B0D9 /* Debug */,
				F17639BD286EAED900C7B0D9 /* Release */,
			);
			defaultConfigurationIsVisible = 0;
			defaultConfigurationName = Release;
		};
/* End XCConfigurationList section */
	};
	rootObject = F176397D286EAED700C7B0D9 /* Project object */;
}
